github.com/dolmen-go/mylogin v0.0.0-20180826134508-6c5bea736fba h1:2lXpWvGFZoE5mwklj+gKWUVnhcXwDZTj95IH4rw0AFg=
github.com/dolmen-go/mylogin v0.0.0-20180826134508-6c5bea736fba/go.mod h1:/41eXxXYeqDNXeRvk02owrsDH45dPPMTWUMPHkQ3Myo=
github.com/dolmen-go/mylogin v0.0.0-20190227181339-4198266f3a16 h1:AOWxkzCYw4Dnq9U5v+cftbvb7V1HkPgR1yTuyF3Z6UQ=
github.com/dolmen-go/mylogin v0.0.0-20190227181339-4198266f3a16/go.mod h1:/41eXxXYeqDNXeRvk02owrsDH45dPPMTWUMPHkQ3Myo=
github.com/go-sql-driver/mysql v1.4.0 h1:7LxgVwFb2hIQtMm87NdgAVfXjnt4OePseqT1tKx+opk=
github.com/go-sql-driver/mysql v1.4.0/go.mod h1:zAC/RDZ24gD3HViQzih4MyKcchzm+sOG5ZlKdlhCg5w=
github.com/go-sql-driver/mysql v1.4.1 h1:g24URVg0OFbNUTx9qqY1IRZ9D9z3iPyi5zKhQZpNwpA=
github.com/go-sql-driver/mysql v1.4.1/go.mod h1:zAC/RDZ24gD3HViQzih4MyKcchzm+sOG5ZlKdlhCg5w=
