github.com/dolmen-go/mylogin v0.0.0-20211007211255-18ac7793a122 h1:vinZkqYdp8klhsJBOGz4V9JNz5GEBLvjcc3i015I30E=
github.com/dolmen-go/mylogin v0.0.0-20211007211255-18ac7793a122/go.mod h1:EoH138uGURqqDK3ozwLmEG83pv2igAUhzHYL3Z9RKw8=
github.com/dolmen-go/mylogin v0.0.0-20220831181557-50d55c0a7e1a h1:BCangZ6AmSzf+jnmbzWwtQz1L4lJk4Fqm9/bNqbfKP0=
github.com/dolmen-go/mylogin v0.0.0-20220831181557-50d55c0a7e1a/go.mod h1:EoH138uGURqqDK3ozwLmEG83pv2igAUhzHYL3Z9RKw8=
github.com/go-sql-driver/mysql v1.4.0/go.mod h1:zAC/RDZ24gD3HViQzih4MyKcchzm+sOG5ZlKdlhCg5w=
github.com/go-sql-driver/mysql v1.5.0 h1:ozyZYNQW3x3HtqT1jira07DN2PArx2v7/mN66gGcHOs=
github.com/go-sql-driver/mysql v1.5.0/go.mod h1:DCzpHaOWr8IXmIStZouvnhqoel9Qv2LBy8hT2VhHyBg=
